
Microsoft Visual Studio Solution File, Format Version 12.00
# Visual Studio 15
VisualStudioVersion = 15.0.27703.2035
MinimumVisualStudioVersion = 10.0.40219.1
Project("{FAE04EC0-301F-11D3-BF4B-00C04F79EFBC}") = "GymApp", "GymApp\GymApp.csproj", "{2EF8D2F7-1745-4FE4-AC20-6DA993207BDF}"
EndProject
Global
	GlobalSection(SolutionConfigurationPlatforms) = preSolution
		Debug|Any CPU = Debug|Any CPU
		Release|Any CPU = Release|Any CPU
	EndGlobalSection
	GlobalSection(ProjectConfigurationPlatforms) = postSolution
		{2EF8D2F7-1745-4FE4-AC20-6DA993207BDF}.Debug|Any CPU.ActiveCfg = Debug|Any CPU
		{2EF8D2F7-1745-4FE4-AC20-6DA993207BDF}.Debug|Any CPU.Build.0 = Debug|Any CPU
		{2EF8D2F7-1745-4FE4-AC20-6DA993207BDF}.Release|Any CPU.ActiveCfg = Release|Any CPU
		{2EF8D2F7-1745-4FE4-AC20-6DA993207BDF}.Release|Any CPU.Build.0 = Release|Any CPU
	EndGlobalSection
	GlobalSection(SolutionProperties) = preSolution
		HideSolutionNode = FALSE
	EndGlobalSection
	GlobalSection(ExtensibilityGlobals) = postSolution
		SolutionGuid = {A6E85F15-1865-4FA4-8851-12B0828B14B9}
	EndGlobalSection
EndGlobal
